
Microsoft Visual Studio Solution File, Format Version 12.00
# Visual Studio Version 17
VisualStudioVersion = 17.2.32526.322
MinimumVisualStudioVersion = 10.0.40219.1
Project("{9A19103F-16F7-4668-BE54-9A1E7A4F7556}") = "Chess.Core", "Chess.Domain\Chess.Core.csproj", "{AABCC9CB-51C0-4282-BCFE-09C6D13A8964}"
EndProject
Project("{9A19103F-16F7-4668-BE54-9A1E7A4F7556}") = "ChesApi.Infrastructure", "ChesApi.Services\ChesApi.Infrastructure.csproj", "{6EC1617E-9B63-4395-A011-28865FE71019}"
EndProject
Project("{FAE04EC0-301F-11D3-BF4B-00C04F79EFBC}") = "Chess.Api", "Chess.Api\Chess.Api.csproj", "{DED1CD03-F4C2-4979-A939-61DA003B6E12}"
EndProject
Global
	GlobalSection(SolutionConfigurationPlatforms) = preSolution
		Debug|Any CPU = Debug|Any CPU
		Release|Any CPU = Release|Any CPU
	EndGlobalSection
	GlobalSection(ProjectConfigurationPlatforms) = postSolution
		{AABCC9CB-51C0-4282-BCFE-09C6D13A8964}.Debug|Any CPU.ActiveCfg = Debug|Any CPU
		{AABCC9CB-51C0-4282-BCFE-09C6D13A8964}.Debug|Any CPU.Build.0 = Debug|Any CPU
		{AABCC9CB-51C0-4282-BCFE-09C6D13A8964}.Release|Any CPU.ActiveCfg = Release|Any CPU
		{AABCC9CB-51C0-4282-BCFE-09C6D13A8964}.Release|Any CPU.Build.0 = Release|Any CPU
		{6EC1617E-9B63-4395-A011-28865FE71019}.Debug|Any CPU.ActiveCfg = Debug|Any CPU
		{6EC1617E-9B63-4395-A011-28865FE71019}.Debug|Any CPU.Build.0 = Debug|Any CPU
		{6EC1617E-9B63-4395-A011-28865FE71019}.Release|Any CPU.ActiveCfg = Release|Any CPU
		{6EC1617E-9B63-4395-A011-28865FE71019}.Release|Any CPU.Build.0 = Release|Any CPU
		{DED1CD03-F4C2-4979-A939-61DA003B6E12}.Debug|Any CPU.ActiveCfg = Debug|Any CPU
		{DED1CD03-F4C2-4979-A939-61DA003B6E12}.Debug|Any CPU.Build.0 = Debug|Any CPU
		{DED1CD03-F4C2-4979-A939-61DA003B6E12}.Release|Any CPU.ActiveCfg = Release|Any CPU
		{DED1CD03-F4C2-4979-A939-61DA003B6E12}.Release|Any CPU.Build.0 = Release|Any CPU
	EndGlobalSection
	GlobalSection(SolutionProperties) = preSolution
		HideSolutionNode = FALSE
	EndGlobalSection
	GlobalSection(ExtensibilityGlobals) = postSolution
		SolutionGuid = {CBE245B5-F3C1-4DE8-8963-4D8756BA3EF1}
	EndGlobalSection
EndGlobal
